
Microsoft Visual Studio Solution File, Format Version 12.00
# Visual Studio 15
VisualStudioVersion = 15.0.28307.102
MinimumVisualStudioVersion = 10.0.40219.1
Project("{FAE04EC0-301F-11D3-BF4B-00C04F79EFBC}") = "Iceland Test", "Iceland Test\Iceland Test.csproj", "{C9BAA0C2-CA1D-46EA-8671-368EB3DB73A6}"
EndProject
Global
	GlobalSection(SolutionConfigurationPlatforms) = preSolution
		Debug|Any CPU = Debug|Any CPU
		Release|Any CPU = Release|Any CPU
	EndGlobalSection
	GlobalSection(ProjectConfigurationPlatforms) = postSolution
		{C9BAA0C2-CA1D-46EA-8671-368EB3DB73A6}.Debug|Any CPU.ActiveCfg = Debug|Any CPU
		{C9BAA0C2-CA1D-46EA-8671-368EB3DB73A6}.Debug|Any CPU.Build.0 = Debug|Any CPU
		{C9BAA0C2-CA1D-46EA-8671-368EB3DB73A6}.Release|Any CPU.ActiveCfg = Release|Any CPU
		{C9BAA0C2-CA1D-46EA-8671-368EB3DB73A6}.Release|Any CPU.Build.0 = Release|Any CPU
	EndGlobalSection
	GlobalSection(SolutionProperties) = preSolution
		HideSolutionNode = FALSE
	EndGlobalSection
	GlobalSection(ExtensibilityGlobals) = postSolution
		SolutionGuid = {19EF0D48-D573-4639-9489-6C3B2C0C6FEF}
	EndGlobalSection
EndGlobal
